PODS:
  - SDWebImage (5.15.7):
    - SDWebImage/Core (= 5.15.7)
  - SDWebImage/Core (5.15.7)

DEPENDENCIES:
  - SDWebImage

SPEC REPOS:
  trunk:
    - SDWebImage

SPEC CHECKSUMS:
  SDWebImage: 25bac438318faf37e35650619ebc288a9061d292

PODFILE CHECKSUM: 29230fb3b4410f9610d1ad29086cf741d3609119

COCOAPODS: 1.12.1
